{
  "name": "mkdocs-test",
  "lockfileVersion": 3,
  "requires": true,
  "packages": {
    "": {
      "dependencies": {
        "@esotericsoftware/spine-player": "^4.2.90"
      }
    },
    "node_modules/@esotericsoftware/spine-core": {
      "version": "4.2.90",
      "resolved": "https://registry.npmjs.org/@esotericsoftware/spine-core/-/spine-core-4.2.90.tgz",
      "integrity": "sha512-4pR2r7ujN9lm1nYLpDMHV6D078EAo/Ks6Ut3n3B/Lx9HdmkEAoZ01s+zB3xK88QWCkCbLu5UHe/AZbbwNXnc8Q==",
      "license": "LicenseRef-LICENSE"
    },
    "node_modules/@esotericsoftware/spine-player": {
      "version": "4.2.90",
      "resolved": "https://registry.npmjs.org/@esotericsoftware/spine-player/-/spine-player-4.2.90.tgz",
      "integrity": "sha512-+HMKem2FUWPcZOCKXiYnEl5Rk/DmZKm4UH2lmc44RUnzk9cTdBeVddagYrxOFmDrxU7dFslCkCvJjgiXRNdYeA==",
      "license": "LicenseRef-LICENSE",
      "dependencies": {
        "@esotericsoftware/spine-webgl": "4.2.90"
      }
    },
    "node_modules/@esotericsoftware/spine-webgl": {
      "version": "4.2.90",
      "resolved": "https://registry.npmjs.org/@esotericsoftware/spine-webgl/-/spine-webgl-4.2.90.tgz",
      "integrity": "sha512-uTeCF4Q4cjBjJTzJjP9zOTWtzsk+ij3r9ndUO8rXaWDuEE6LTXViC44oPHWwRfysu0KgdNOyg//dYHMqQiAkPw==",
      "license": "LicenseRef-LICENSE",
      "dependencies": {
        "@esotericsoftware/spine-core": "4.2.90"
      }
    }
  }
}
